
Microsoft Visual Studio Solution File, Format Version 12.00
# Visual Studio 14
VisualStudioVersion = 14.0.25420.1
MinimumVisualStudioVersion = 10.0.40219.1
Project("{FAE04EC0-301F-11D3-BF4B-00C04F79EFBC}") = "CanMonitor", "CanMonitor\CanMonitor.csproj", "{33640665-7E6D-4727-A13A-0D7A8E7D31C4}"
	ProjectSection(ProjectDependencies) = postProject
		{85A7D150-F425-4B6F-8A18-4E94FCDF461D} = {85A7D150-F425-4B6F-8A18-4E94FCDF461D}
		{0000EEC8-70D7-4674-A2E8-107FF0CBF2A3} = {0000EEC8-70D7-4674-A2E8-107FF0CBF2A3}
	EndProjectSection
EndProject
Project("{FAE04EC0-301F-11D3-BF4B-00C04F79EFBC}") = "BWPDOParser", "BWPDOParser\BWPDOParser.csproj", "{0000EEC8-70D7-4674-A2E8-107FF0CBF2A3}"
EndProject
Project("{FAE04EC0-301F-11D3-BF4B-00C04F79EFBC}") = "PDOInterface", "PDOInterface\PDOInterface.csproj", "{1F61B56A-0BDC-45F6-8954-CF2550775CBD}"
EndProject
Project("{FAE04EC0-301F-11D3-BF4B-00C04F79EFBC}") = "libEDSsharp", "..\libeds\libEDSsharp\libEDSsharp.csproj", "{CC0FA4B1-2BFC-43B3-8C56-B428DF2D24E7}"
EndProject
Project("{FAE04EC0-301F-11D3-BF4B-00C04F79EFBC}") = "Settings", "Settings\Settings.csproj", "{D77E70E0-5808-4F97-A2A1-FC23D03AEF6A}"
EndProject
Project("{FAE04EC0-301F-11D3-BF4B-00C04F79EFBC}") = "JLRParser", "JLRParser\JLRParser.csproj", "{85A7D150-F425-4B6F-8A18-4E94FCDF461D}"
EndProject
Project("{FAE04EC0-301F-11D3-BF4B-00C04F79EFBC}") = "PluginExample", "PluginExample\PluginExample.csproj", "{CF6327A4-AD5B-4167-862A-6259CB10BC84}"
EndProject
Project("{FAE04EC0-301F-11D3-BF4B-00C04F79EFBC}") = "libCanopenSimple", "..\libCanOpenSimple2\libCanopenSimple.csproj", "{2FB81ADD-258F-4135-A9B9-17E2ACA2448E}"
	ProjectSection(ProjectDependencies) = postProject
		{39E3300A-29B4-4AA7-AF62-3B181FC26155} = {39E3300A-29B4-4AA7-AF62-3B181FC26155}
		{EA8D6046-0F14-46D3-A40A-8AAC878F463D} = {EA8D6046-0F14-46D3-A40A-8AAC878F463D}
		{2F3E1E68-1518-4829-B543-8DF2987E664B} = {2F3E1E68-1518-4829-B543-8DF2987E664B}
		{A18C416F-3CBB-4744-BA24-FA5C5F3CBE0D} = {A18C416F-3CBB-4744-BA24-FA5C5F3CBE0D}
		{732EC5B6-C6F1-4783-9BC8-924FFF67BF5A} = {732EC5B6-C6F1-4783-9BC8-924FFF67BF5A}
		{8F57E7FF-1B73-4134-A2B2-9C0EADB2AEFB} = {8F57E7FF-1B73-4134-A2B2-9C0EADB2AEFB}
	EndProjectSection
EndProject
Project("{8BC9CEB8-8B4A-11D0-8D11-00A0C91BC942}") = "can_anagate_win32", "..\libCanOpenSimple2\canfestival\drivers\can_anagate_win32\can_anagate_win32.vc10.vcxproj", "{2F3E1E68-1518-4829-B543-8DF2987E664B}"
EndProject
Project("{8BC9CEB8-8B4A-11D0-8D11-00A0C91BC942}") = "can_copcican_win32", "..\libCanOpenSimple2\canfestival\drivers\can_copcican_win32\can_copcican_win32.vc10.vcxproj", "{A18C416F-3CBB-4744-BA24-FA5C5F3CBE0D}"
EndProject
Project("{8BC9CEB8-8B4A-11D0-8D11-00A0C91BC942}") = "can_ixxat_win32", "..\libCanOpenSimple2\canfestival\drivers\can_ixxat_win32\can_ixxat_win32.vc10.vcxproj", "{8F57E7FF-1B73-4134-A2B2-9C0EADB2AEFB}"
EndProject
Project("{8BC9CEB8-8B4A-11D0-8D11-00A0C91BC942}") = "can_peak_win32", "..\libCanOpenSimple2\canfestival\drivers\can_peak_win32\can_peak_win32.vc10.vcxproj", "{732EC5B6-C6F1-4783-9BC8-924FFF67BF5A}"
EndProject
Project("{8BC9CEB8-8B4A-11D0-8D11-00A0C91BC942}") = "can_uvccm_win32", "..\libCanOpenSimple2\canfestival\drivers\can_uvccm_win32\can_uvccm_win32.vc10.vcxproj", "{39E3300A-29B4-4AA7-AF62-3B181FC26155}"
EndProject
Project("{8BC9CEB8-8B4A-11D0-8D11-00A0C91BC942}") = "can_canusb_win32", "..\libCanOpenSimple2\canfestival\drivers\can_canusb_win32\can_canusb_win32.vc10.vcxproj", "{EA8D6046-0F14-46D3-A40A-8AAC878F463D}"
EndProject
Global
	GlobalSection(SolutionConfigurationPlatforms) = preSolution
		Debug UNICODE|Any CPU = Debug UNICODE|Any CPU
		Debug UNICODE|x86 = Debug UNICODE|x86
		Debug|Any CPU = Debug|Any CPU
		Debug|x86 = Debug|x86
		Release UNICODE|Any CPU = Release UNICODE|Any CPU
		Release UNICODE|x86 = Release UNICODE|x86
		Release|Any CPU = Release|Any CPU
		Release|x86 = Release|x86
	EndGlobalSection
	GlobalSection(ProjectConfigurationPlatforms) = postSolution
		{33640665-7E6D-4727-A13A-0D7A8E7D31C4}.Debug UNICODE|Any CPU.ActiveCfg = Debug|Any CPU
		{33640665-7E6D-4727-A13A-0D7A8E7D31C4}.Debug UNICODE|Any CPU.Build.0 = Debug|Any CPU
		{33640665-7E6D-4727-A13A-0D7A8E7D31C4}.Debug UNICODE|x86.ActiveCfg = Debug|Any CPU
		{33640665-7E6D-4727-A13A-0D7A8E7D31C4}.Debug UNICODE|x86.Build.0 = Debug|Any CPU
		{33640665-7E6D-4727-A13A-0D7A8E7D31C4}.Debug|Any CPU.ActiveCfg = Debug|Any CPU
		{33640665-7E6D-4727-A13A-0D7A8E7D31C4}.Debug|Any CPU.Build.0 = Debug|Any CPU
		{33640665-7E6D-4727-A13A-0D7A8E7D31C4}.Debug|x86.ActiveCfg = Debug|Any CPU
		{33640665-7E6D-4727-A13A-0D7A8E7D31C4}.Debug|x86.Build.0 = Debug|Any CPU
		{33640665-7E6D-4727-A13A-0D7A8E7D31C4}.Release UNICODE|Any CPU.ActiveCfg = Release|Any CPU
		{33640665-7E6D-4727-A13A-0D7A8E7D31C4}.Release UNICODE|Any CPU.Build.0 = Release|Any CPU
		{33640665-7E6D-4727-A13A-0D7A8E7D31C4}.Release UNICODE|x86.ActiveCfg = Release|Any CPU
		{33640665-7E6D-4727-A13A-0D7A8E7D31C4}.Release UNICODE|x86.Build.0 = Release|Any CPU
		{33640665-7E6D-4727-A13A-0D7A8E7D31C4}.Release|Any CPU.ActiveCfg = Release|Any CPU
		{33640665-7E6D-4727-A13A-0D7A8E7D31C4}.Release|Any CPU.Build.0 = Release|Any CPU
		{33640665-7E6D-4727-A13A-0D7A8E7D31C4}.Release|x86.ActiveCfg = Release|Any CPU
		{33640665-7E6D-4727-A13A-0D7A8E7D31C4}.Release|x86.Build.0 = Release|Any CPU
		{0000EEC8-70D7-4674-A2E8-107FF0CBF2A3}.Debug UNICODE|Any CPU.ActiveCfg = Debug|Any CPU
		{0000EEC8-70D7-4674-A2E8-107FF0CBF2A3}.Debug UNICODE|Any CPU.Build.0 = Debug|Any CPU
		{0000EEC8-70D7-4674-A2E8-107FF0CBF2A3}.Debug UNICODE|x86.ActiveCfg = Debug|Any CPU
		{0000EEC8-70D7-4674-A2E8-107FF0CBF2A3}.Debug UNICODE|x86.Build.0 = Debug|Any CPU
		{0000EEC8-70D7-4674-A2E8-107FF0CBF2A3}.Debug|Any CPU.ActiveCfg = Debug|Any CPU
		{0000EEC8-70D7-4674-A2E8-107FF0CBF2A3}.Debug|Any CPU.Build.0 = Debug|Any CPU
		{0000EEC8-70D7-4674-A2E8-107FF0CBF2A3}.Debug|x86.ActiveCfg = Debug|Any CPU
		{0000EEC8-70D7-4674-A2E8-107FF0CBF2A3}.Debug|x86.Build.0 = Debug|Any CPU
		{0000EEC8-70D7-4674-A2E8-107FF0CBF2A3}.Release UNICODE|Any CPU.ActiveCfg = Release|Any CPU
		{0000EEC8-70D7-4674-A2E8-107FF0CBF2A3}.Release UNICODE|Any CPU.Build.0 = Release|Any CPU
		{0000EEC8-70D7-4674-A2E8-107FF0CBF2A3}.Release UNICODE|x86.ActiveCfg = Release|Any CPU
		{0000EEC8-70D7-4674-A2E8-107FF0CBF2A3}.Release UNICODE|x86.Build.0 = Release|Any CPU
		{0000EEC8-70D7-4674-A2E8-107FF0CBF2A3}.Release|Any CPU.ActiveCfg = Release|Any CPU
		{0000EEC8-70D7-4674-A2E8-107FF0CBF2A3}.Release|Any CPU.Build.0 = Release|Any CPU
		{0000EEC8-70D7-4674-A2E8-107FF0CBF2A3}.Release|x86.ActiveCfg = Release|Any CPU
		{0000EEC8-70D7-4674-A2E8-107FF0CBF2A3}.Release|x86.Build.0 = Release|Any CPU
		{1F61B56A-0BDC-45F6-8954-CF2550775CBD}.Debug UNICODE|Any CPU.ActiveCfg = Debug|Any CPU
		{1F61B56A-0BDC-45F6-8954-CF2550775CBD}.Debug UNICODE|Any CPU.Build.0 = Debug|Any CPU
		{1F61B56A-0BDC-45F6-8954-CF2550775CBD}.Debug UNICODE|x86.ActiveCfg = Debug|Any CPU
		{1F61B56A-0BDC-45F6-8954-CF2550775CBD}.Debug UNICODE|x86.Build.0 = Debug|Any CPU
		{1F61B56A-0BDC-45F6-8954-CF2550775CBD}.Debug|Any CPU.ActiveCfg = Debug|Any CPU
		{1F61B56A-0BDC-45F6-8954-CF2550775CBD}.Debug|Any CPU.Build.0 = Debug|Any CPU
		{1F61B56A-0BDC-45F6-8954-CF2550775CBD}.Debug|x86.ActiveCfg = Debug|Any CPU
		{1F61B56A-0BDC-45F6-8954-CF2550775CBD}.Debug|x86.Build.0 = Debug|Any CPU
		{1F61B56A-0BDC-45F6-8954-CF2550775CBD}.Release UNICODE|Any CPU.ActiveCfg = Release|Any CPU
		{1F61B56A-0BDC-45F6-8954-CF2550775CBD}.Release UNICODE|Any CPU.Build.0 = Release|Any CPU
		{1F61B56A-0BDC-45F6-8954-CF2550775CBD}.Release UNICODE|x86.ActiveCfg = Release|Any CPU
		{1F61B56A-0BDC-45F6-8954-CF2550775CBD}.Release UNICODE|x86.Build.0 = Release|Any CPU
		{1F61B56A-0BDC-45F6-8954-CF2550775CBD}.Release|Any CPU.ActiveCfg = Release|Any CPU
		{1F61B56A-0BDC-45F6-8954-CF2550775CBD}.Release|Any CPU.Build.0 = Release|Any CPU
		{1F61B56A-0BDC-45F6-8954-CF2550775CBD}.Release|x86.ActiveCfg = Release|Any CPU
		{1F61B56A-0BDC-45F6-8954-CF2550775CBD}.Release|x86.Build.0 = Release|Any CPU
		{CC0FA4B1-2BFC-43B3-8C56-B428DF2D24E7}.Debug UNICODE|Any CPU.ActiveCfg = Debug|Any CPU
		{CC0FA4B1-2BFC-43B3-8C56-B428DF2D24E7}.Debug UNICODE|Any CPU.Build.0 = Debug|Any CPU
		{CC0FA4B1-2BFC-43B3-8C56-B428DF2D24E7}.Debug UNICODE|x86.ActiveCfg = Debug|Any CPU
		{CC0FA4B1-2BFC-43B3-8C56-B428DF2D24E7}.Debug UNICODE|x86.Build.0 = Debug|Any CPU
		{CC0FA4B1-2BFC-43B3-8C56-B428DF2D24E7}.Debug|Any CPU.ActiveCfg = Debug|Any CPU
		{CC0FA4B1-2BFC-43B3-8C56-B428DF2D24E7}.Debug|Any CPU.Build.0 = Debug|Any CPU
		{CC0FA4B1-2BFC-43B3-8C56-B428DF2D24E7}.Debug|x86.ActiveCfg = Debug|Any CPU
		{CC0FA4B1-2BFC-43B3-8C56-B428DF2D24E7}.Debug|x86.Build.0 = Debug|Any CPU
		{CC0FA4B1-2BFC-43B3-8C56-B428DF2D24E7}.Release UNICODE|Any CPU.ActiveCfg = Release|Any CPU
		{CC0FA4B1-2BFC-43B3-8C56-B428DF2D24E7}.Release UNICODE|Any CPU.Build.0 = Release|Any CPU
		{CC0FA4B1-2BFC-43B3-8C56-B428DF2D24E7}.Release UNICODE|x86.ActiveCfg = Release|Any CPU
		{CC0FA4B1-2BFC-43B3-8C56-B428DF2D24E7}.Release UNICODE|x86.Build.0 = Release|Any CPU
		{CC0FA4B1-2BFC-43B3-8C56-B428DF2D24E7}.Release|Any CPU.ActiveCfg = Release|Any CPU
		{CC0FA4B1-2BFC-43B3-8C56-B428DF2D24E7}.Release|Any CPU.Build.0 = Release|Any CPU
		{CC0FA4B1-2BFC-43B3-8C56-B428DF2D24E7}.Release|x86.ActiveCfg = Release|Any CPU
		{CC0FA4B1-2BFC-43B3-8C56-B428DF2D24E7}.Release|x86.Build.0 = Release|Any CPU
		{D77E70E0-5808-4F97-A2A1-FC23D03AEF6A}.Debug UNICODE|Any CPU.ActiveCfg = Debug|Any CPU
		{D77E70E0-5808-4F97-A2A1-FC23D03AEF6A}.Debug UNICODE|Any CPU.Build.0 = Debug|Any CPU
		{D77E70E0-5808-4F97-A2A1-FC23D03AEF6A}.Debug UNICODE|x86.ActiveCfg = Debug|Any CPU
		{D77E70E0-5808-4F97-A2A1-FC23D03AEF6A}.Debug UNICODE|x86.Build.0 = Debug|Any CPU
		{D77E70E0-5808-4F97-A2A1-FC23D03AEF6A}.Debug|Any CPU.ActiveCfg = Debug|Any CPU
		{D77E70E0-5808-4F97-A2A1-FC23D03AEF6A}.Debug|Any CPU.Build.0 = Debug|Any CPU
		{D77E70E0-5808-4F97-A2A1-FC23D03AEF6A}.Debug|x86.ActiveCfg = Debug|Any CPU
		{D77E70E0-5808-4F97-A2A1-FC23D03AEF6A}.Debug|x86.Build.0 = Debug|Any CPU
		{D77E70E0-5808-4F97-A2A1-FC23D03AEF6A}.Release UNICODE|Any CPU.ActiveCfg = Release|Any CPU
		{D77E70E0-5808-4F97-A2A1-FC23D03AEF6A}.Release UNICODE|Any CPU.Build.0 = Release|Any CPU
		{D77E70E0-5808-4F97-A2A1-FC23D03AEF6A}.Release UNICODE|x86.ActiveCfg = Release|Any CPU
		{D77E70E0-5808-4F97-A2A1-FC23D03AEF6A}.Release UNICODE|x86.Build.0 = Release|Any CPU
		{D77E70E0-5808-4F97-A2A1-FC23D03AEF6A}.Release|Any CPU.ActiveCfg = Release|Any CPU
		{D77E70E0-5808-4F97-A2A1-FC23D03AEF6A}.Release|Any CPU.Build.0 = Release|Any CPU
		{D77E70E0-5808-4F97-A2A1-FC23D03AEF6A}.Release|x86.ActiveCfg = Release|Any CPU
		{D77E70E0-5808-4F97-A2A1-FC23D03AEF6A}.Release|x86.Build.0 = Release|Any CPU
		{85A7D150-F425-4B6F-8A18-4E94FCDF461D}.Debug UNICODE|Any CPU.ActiveCfg = Debug|Any CPU
		{85A7D150-F425-4B6F-8A18-4E94FCDF461D}.Debug UNICODE|Any CPU.Build.0 = Debug|Any CPU
		{85A7D150-F425-4B6F-8A18-4E94FCDF461D}.Debug UNICODE|x86.ActiveCfg = Debug|Any CPU
		{85A7D150-F425-4B6F-8A18-4E94FCDF461D}.Debug UNICODE|x86.Build.0 = Debug|Any CPU
		{85A7D150-F425-4B6F-8A18-4E94FCDF461D}.Debug|Any CPU.ActiveCfg = Debug|Any CPU
		{85A7D150-F425-4B6F-8A18-4E94FCDF461D}.Debug|Any CPU.Build.0 = Debug|Any CPU
		{85A7D150-F425-4B6F-8A18-4E94FCDF461D}.Debug|x86.ActiveCfg = Debug|Any CPU
		{85A7D150-F425-4B6F-8A18-4E94FCDF461D}.Debug|x86.Build.0 = Debug|Any CPU
		{85A7D150-F425-4B6F-8A18-4E94FCDF461D}.Release UNICODE|Any CPU.ActiveCfg = Release|Any CPU
		{85A7D150-F425-4B6F-8A18-4E94FCDF461D}.Release UNICODE|Any CPU.Build.0 = Release|Any CPU
		{85A7D150-F425-4B6F-8A18-4E94FCDF461D}.Release UNICODE|x86.ActiveCfg = Release|Any CPU
		{85A7D150-F425-4B6F-8A18-4E94FCDF461D}.Release UNICODE|x86.Build.0 = Release|Any CPU
		{85A7D150-F425-4B6F-8A18-4E94FCDF461D}.Release|Any CPU.ActiveCfg = Release|Any CPU
		{85A7D150-F425-4B6F-8A18-4E94FCDF461D}.Release|Any CPU.Build.0 = Release|Any CPU
		{85A7D150-F425-4B6F-8A18-4E94FCDF461D}.Release|x86.ActiveCfg = Release|Any CPU
		{85A7D150-F425-4B6F-8A18-4E94FCDF461D}.Release|x86.Build.0 = Release|Any CPU
		{CF6327A4-AD5B-4167-862A-6259CB10BC84}.Debug UNICODE|Any CPU.ActiveCfg = Debug|Any CPU
		{CF6327A4-AD5B-4167-862A-6259CB10BC84}.Debug UNICODE|Any CPU.Build.0 = Debug|Any CPU
		{CF6327A4-AD5B-4167-862A-6259CB10BC84}.Debug UNICODE|x86.ActiveCfg = Debug|Any CPU
		{CF6327A4-AD5B-4167-862A-6259CB10BC84}.Debug UNICODE|x86.Build.0 = Debug|Any CPU
		{CF6327A4-AD5B-4167-862A-6259CB10BC84}.Debug|Any CPU.ActiveCfg = Debug|Any CPU
		{CF6327A4-AD5B-4167-862A-6259CB10BC84}.Debug|Any CPU.Build.0 = Debug|Any CPU
		{CF6327A4-AD5B-4167-862A-6259CB10BC84}.Debug|x86.ActiveCfg = Debug|Any CPU
		{CF6327A4-AD5B-4167-862A-6259CB10BC84}.Debug|x86.Build.0 = Debug|Any CPU
		{CF6327A4-AD5B-4167-862A-6259CB10BC84}.Release UNICODE|Any CPU.ActiveCfg = Release|Any CPU
		{CF6327A4-AD5B-4167-862A-6259CB10BC84}.Release UNICODE|Any CPU.Build.0 = Release|Any CPU
		{CF6327A4-AD5B-4167-862A-6259CB10BC84}.Release UNICODE|x86.ActiveCfg = Release|Any CPU
		{CF6327A4-AD5B-4167-862A-6259CB10BC84}.Release UNICODE|x86.Build.0 = Release|Any CPU
		{CF6327A4-AD5B-4167-862A-6259CB10BC84}.Release|Any CPU.ActiveCfg = Release|Any CPU
		{CF6327A4-AD5B-4167-862A-6259CB10BC84}.Release|Any CPU.Build.0 = Release|Any CPU
		{CF6327A4-AD5B-4167-862A-6259CB10BC84}.Release|x86.ActiveCfg = Release|Any CPU
		{CF6327A4-AD5B-4167-862A-6259CB10BC84}.Release|x86.Build.0 = Release|Any CPU
		{2FB81ADD-258F-4135-A9B9-17E2ACA2448E}.Debug UNICODE|Any CPU.ActiveCfg = Debug|Any CPU
		{2FB81ADD-258F-4135-A9B9-17E2ACA2448E}.Debug UNICODE|Any CPU.Build.0 = Debug|Any CPU
		{2FB81ADD-258F-4135-A9B9-17E2ACA2448E}.Debug UNICODE|x86.ActiveCfg = Debug|Any CPU
		{2FB81ADD-258F-4135-A9B9-17E2ACA2448E}.Debug UNICODE|x86.Build.0 = Debug|Any CPU
		{2FB81ADD-258F-4135-A9B9-17E2ACA2448E}.Debug|Any CPU.ActiveCfg = Debug|Any CPU
		{2FB81ADD-258F-4135-A9B9-17E2ACA2448E}.Debug|Any CPU.Build.0 = Debug|Any CPU
		{2FB81ADD-258F-4135-A9B9-17E2ACA2448E}.Debug|x86.ActiveCfg = Debug|Any CPU
		{2FB81ADD-258F-4135-A9B9-17E2ACA2448E}.Debug|x86.Build.0 = Debug|Any CPU
		{2FB81ADD-258F-4135-A9B9-17E2ACA2448E}.Release UNICODE|Any CPU.ActiveCfg = Release|Any CPU
		{2FB81ADD-258F-4135-A9B9-17E2ACA2448E}.Release UNICODE|Any CPU.Build.0 = Release|Any CPU
		{2FB81ADD-258F-4135-A9B9-17E2ACA2448E}.Release UNICODE|x86.ActiveCfg = Release|Any CPU
		{2FB81ADD-258F-4135-A9B9-17E2ACA2448E}.Release UNICODE|x86.Build.0 = Release|Any CPU
		{2FB81ADD-258F-4135-A9B9-17E2ACA2448E}.Release|Any CPU.ActiveCfg = Release|Any CPU
		{2FB81ADD-258F-4135-A9B9-17E2ACA2448E}.Release|Any CPU.Build.0 = Release|Any CPU
		{2FB81ADD-258F-4135-A9B9-17E2ACA2448E}.Release|x86.ActiveCfg = Release|Any CPU
		{2FB81ADD-258F-4135-A9B9-17E2ACA2448E}.Release|x86.Build.0 = Release|Any CPU
		{2F3E1E68-1518-4829-B543-8DF2987E664B}.Debug UNICODE|Any CPU.ActiveCfg = Release|Win32
		{2F3E1E68-1518-4829-B543-8DF2987E664B}.Debug UNICODE|Any CPU.Build.0 = Release|Win32
		{2F3E1E68-1518-4829-B543-8DF2987E664B}.Debug UNICODE|x86.ActiveCfg = Debug|Win32
		{2F3E1E68-1518-4829-B543-8DF2987E664B}.Debug UNICODE|x86.Build.0 = Debug|Win32
		{2F3E1E68-1518-4829-B543-8DF2987E664B}.Debug|Any CPU.ActiveCfg = Debug|Win32
		{2F3E1E68-1518-4829-B543-8DF2987E664B}.Debug|x86.ActiveCfg = Debug|Win32
		{2F3E1E68-1518-4829-B543-8DF2987E664B}.Debug|x86.Build.0 = Debug|Win32
		{2F3E1E68-1518-4829-B543-8DF2987E664B}.Release UNICODE|Any CPU.ActiveCfg = Release|Win32
		{2F3E1E68-1518-4829-B543-8DF2987E664B}.Release UNICODE|Any CPU.Build.0 = Release|Win32
		{2F3E1E68-1518-4829-B543-8DF2987E664B}.Release UNICODE|x86.ActiveCfg = Release|Win32
		{2F3E1E68-1518-4829-B543-8DF2987E664B}.Release UNICODE|x86.Build.0 = Release|Win32
		{2F3E1E68-1518-4829-B543-8DF2987E664B}.Release|Any CPU.ActiveCfg = Release|Win32
		{2F3E1E68-1518-4829-B543-8DF2987E664B}.Release|x86.ActiveCfg = Release|Win32
		{2F3E1E68-1518-4829-B543-8DF2987E664B}.Release|x86.Build.0 = Release|Win32
		{A18C416F-3CBB-4744-BA24-FA5C5F3CBE0D}.Debug UNICODE|Any CPU.ActiveCfg = Release|Win32
		{A18C416F-3CBB-4744-BA24-FA5C5F3CBE0D}.Debug UNICODE|Any CPU.Build.0 = Release|Win32
		{A18C416F-3CBB-4744-BA24-FA5C5F3CBE0D}.Debug UNICODE|x86.ActiveCfg = Debug|Win32
		{A18C416F-3CBB-4744-BA24-FA5C5F3CBE0D}.Debug UNICODE|x86.Build.0 = Debug|Win32
		{A18C416F-3CBB-4744-BA24-FA5C5F3CBE0D}.Debug|Any CPU.ActiveCfg = Debug|Win32
		{A18C416F-3CBB-4744-BA24-FA5C5F3CBE0D}.Debug|x86.ActiveCfg = Debug|Win32
		{A18C416F-3CBB-4744-BA24-FA5C5F3CBE0D}.Debug|x86.Build.0 = Debug|Win32
		{A18C416F-3CBB-4744-BA24-FA5C5F3CBE0D}.Release UNICODE|Any CPU.ActiveCfg = Release|Win32
		{A18C416F-3CBB-4744-BA24-FA5C5F3CBE0D}.Release UNICODE|Any CPU.Build.0 = Release|Win32
		{A18C416F-3CBB-4744-BA24-FA5C5F3CBE0D}.Release UNICODE|x86.ActiveCfg = Release|Win32
		{A18C416F-3CBB-4744-BA24-FA5C5F3CBE0D}.Release UNICODE|x86.Build.0 = Release|Win32
		{A18C416F-3CBB-4744-BA24-FA5C5F3CBE0D}.Release|Any CPU.ActiveCfg = Release|Win32
		{A18C416F-3CBB-4744-BA24-FA5C5F3CBE0D}.Release|x86.ActiveCfg = Release|Win32
		{A18C416F-3CBB-4744-BA24-FA5C5F3CBE0D}.Release|x86.Build.0 = Release|Win32
		{8F57E7FF-1B73-4134-A2B2-9C0EADB2AEFB}.Debug UNICODE|Any CPU.ActiveCfg = Release|Win32
		{8F57E7FF-1B73-4134-A2B2-9C0EADB2AEFB}.Debug UNICODE|Any CPU.Build.0 = Release|Win32
		{8F57E7FF-1B73-4134-A2B2-9C0EADB2AEFB}.Debug UNICODE|x86.ActiveCfg = Debug|Win32
		{8F57E7FF-1B73-4134-A2B2-9C0EADB2AEFB}.Debug UNICODE|x86.Build.0 = Debug|Win32
		{8F57E7FF-1B73-4134-A2B2-9C0EADB2AEFB}.Debug|Any CPU.ActiveCfg = Debug|Win32
		{8F57E7FF-1B73-4134-A2B2-9C0EADB2AEFB}.Debug|x86.ActiveCfg = Debug|Win32
		{8F57E7FF-1B73-4134-A2B2-9C0EADB2AEFB}.Debug|x86.Build.0 = Debug|Win32
		{8F57E7FF-1B73-4134-A2B2-9C0EADB2AEFB}.Release UNICODE|Any CPU.ActiveCfg = Release|Win32
		{8F57E7FF-1B73-4134-A2B2-9C0EADB2AEFB}.Release UNICODE|Any CPU.Build.0 = Release|Win32
		{8F57E7FF-1B73-4134-A2B2-9C0EADB2AEFB}.Release UNICODE|x86.ActiveCfg = Release|Win32
		{8F57E7FF-1B73-4134-A2B2-9C0EADB2AEFB}.Release UNICODE|x86.Build.0 = Release|Win32
		{8F57E7FF-1B73-4134-A2B2-9C0EADB2AEFB}.Release|Any CPU.ActiveCfg = Release|Win32
		{8F57E7FF-1B73-4134-A2B2-9C0EADB2AEFB}.Release|x86.ActiveCfg = Release|Win32
		{8F57E7FF-1B73-4134-A2B2-9C0EADB2AEFB}.Release|x86.Build.0 = Release|Win32
		{732EC5B6-C6F1-4783-9BC8-924FFF67BF5A}.Debug UNICODE|Any CPU.ActiveCfg = Debug UNICODE|Win32
		{732EC5B6-C6F1-4783-9BC8-924FFF67BF5A}.Debug UNICODE|x86.ActiveCfg = Debug UNICODE|Win32
		{732EC5B6-C6F1-4783-9BC8-924FFF67BF5A}.Debug UNICODE|x86.Build.0 = Debug UNICODE|Win32
		{732EC5B6-C6F1-4783-9BC8-924FFF67BF5A}.Debug|Any CPU.ActiveCfg = Debug|Win32
		{732EC5B6-C6F1-4783-9BC8-924FFF67BF5A}.Debug|x86.ActiveCfg = Debug|Win32
		{732EC5B6-C6F1-4783-9BC8-924FFF67BF5A}.Debug|x86.Build.0 = Debug|Win32
		{732EC5B6-C6F1-4783-9BC8-924FFF67BF5A}.Release UNICODE|Any CPU.ActiveCfg = Release UNICODE|Win32
		{732EC5B6-C6F1-4783-9BC8-924FFF67BF5A}.Release UNICODE|x86.ActiveCfg = Release UNICODE|Win32
		{732EC5B6-C6F1-4783-9BC8-924FFF67BF5A}.Release UNICODE|x86.Build.0 = Release UNICODE|Win32
		{732EC5B6-C6F1-4783-9BC8-924FFF67BF5A}.Release|Any CPU.ActiveCfg = Release|Win32
		{732EC5B6-C6F1-4783-9BC8-924FFF67BF5A}.Release|x86.ActiveCfg = Release|Win32
		{732EC5B6-C6F1-4783-9BC8-924FFF67BF5A}.Release|x86.Build.0 = Release|Win32
		{39E3300A-29B4-4AA7-AF62-3B181FC26155}.Debug UNICODE|Any CPU.ActiveCfg = Release|Win32
		{39E3300A-29B4-4AA7-AF62-3B181FC26155}.Debug UNICODE|Any CPU.Build.0 = Release|Win32
		{39E3300A-29B4-4AA7-AF62-3B181FC26155}.Debug UNICODE|x86.ActiveCfg = Debug|Win32
		{39E3300A-29B4-4AA7-AF62-3B181FC26155}.Debug UNICODE|x86.Build.0 = Debug|Win32
		{39E3300A-29B4-4AA7-AF62-3B181FC26155}.Debug|Any CPU.ActiveCfg = Debug|Win32
		{39E3300A-29B4-4AA7-AF62-3B181FC26155}.Debug|Any CPU.Build.0 = Debug|Win32
		{39E3300A-29B4-4AA7-AF62-3B181FC26155}.Debug|x86.ActiveCfg = Debug|Win32
		{39E3300A-29B4-4AA7-AF62-3B181FC26155}.Debug|x86.Build.0 = Debug|Win32
		{39E3300A-29B4-4AA7-AF62-3B181FC26155}.Release UNICODE|Any CPU.ActiveCfg = Release|Win32
		{39E3300A-29B4-4AA7-AF62-3B181FC26155}.Release UNICODE|Any CPU.Build.0 = Release|Win32
		{39E3300A-29B4-4AA7-AF62-3B181FC26155}.Release UNICODE|x86.ActiveCfg = Release|Win32
		{39E3300A-29B4-4AA7-AF62-3B181FC26155}.Release UNICODE|x86.Build.0 = Release|Win32
		{39E3300A-29B4-4AA7-AF62-3B181FC26155}.Release|Any CPU.ActiveCfg = Release|Win32
		{39E3300A-29B4-4AA7-AF62-3B181FC26155}.Release|Any CPU.Build.0 = Release|Win32
		{39E3300A-29B4-4AA7-AF62-3B181FC26155}.Release|x86.ActiveCfg = Release|Win32
		{39E3300A-29B4-4AA7-AF62-3B181FC26155}.Release|x86.Build.0 = Release|Win32
		{EA8D6046-0F14-46D3-A40A-8AAC878F463D}.Debug UNICODE|Any CPU.ActiveCfg = Release|Win32
		{EA8D6046-0F14-46D3-A40A-8AAC878F463D}.Debug UNICODE|Any CPU.Build.0 = Release|Win32
		{EA8D6046-0F14-46D3-A40A-8AAC878F463D}.Debug UNICODE|x86.ActiveCfg = Debug|Win32
		{EA8D6046-0F14-46D3-A40A-8AAC878F463D}.Debug UNICODE|x86.Build.0 = Debug|Win32
		{EA8D6046-0F14-46D3-A40A-8AAC878F463D}.Debug|Any CPU.ActiveCfg = Debug|Win32
		{EA8D6046-0F14-46D3-A40A-8AAC878F463D}.Debug|Any CPU.Build.0 = Debug|Win32
		{EA8D6046-0F14-46D3-A40A-8AAC878F463D}.Debug|x86.ActiveCfg = Debug|Win32
		{EA8D6046-0F14-46D3-A40A-8AAC878F463D}.Debug|x86.Build.0 = Debug|Win32
		{EA8D6046-0F14-46D3-A40A-8AAC878F463D}.Release UNICODE|Any CPU.ActiveCfg = Release|Win32
		{EA8D6046-0F14-46D3-A40A-8AAC878F463D}.Release UNICODE|Any CPU.Build.0 = Release|Win32
		{EA8D6046-0F14-46D3-A40A-8AAC878F463D}.Release UNICODE|x86.ActiveCfg = Release|Win32
		{EA8D6046-0F14-46D3-A40A-8AAC878F463D}.Release UNICODE|x86.Build.0 = Release|Win32
		{EA8D6046-0F14-46D3-A40A-8AAC878F463D}.Release|Any CPU.ActiveCfg = Release|Win32
		{EA8D6046-0F14-46D3-A40A-8AAC878F463D}.Release|Any CPU.Build.0 = Release|Win32
		{EA8D6046-0F14-46D3-A40A-8AAC878F463D}.Release|x86.ActiveCfg = Release|Win32
		{EA8D6046-0F14-46D3-A40A-8AAC878F463D}.Release|x86.Build.0 = Release|Win32
	EndGlobalSection
	GlobalSection(SolutionProperties) = preSolution
		HideSolutionNode = FALSE
	EndGlobalSection
EndGlobal
