
Microsoft Visual Studio Solution File, Format Version 12.00
# Visual Studio 15
VisualStudioVersion = 15.0.27703.2018
MinimumVisualStudioVersion = 10.0.40219.1
Project("{FAE04EC0-301F-11D3-BF4B-00C04F79EFBC}") = "CanOpenMonitor", "CanMonitor\CanOpenMonitor.csproj", "{33640665-7E6D-4727-A13A-0D7A8E7D31C4}"
	ProjectSection(ProjectDependencies) = postProject
		{EF68DF58-5102-42FC-9683-4C65095B5E77} = {EF68DF58-5102-42FC-9683-4C65095B5E77}
		{25136D69-CB96-4698-97AE-DB6A3A8348B0} = {25136D69-CB96-4698-97AE-DB6A3A8348B0}
		{CF98C68B-CE0C-457C-AE55-4DAD28946CF9} = {CF98C68B-CE0C-457C-AE55-4DAD28946CF9}
		{16C74D91-F858-4A70-9641-9228D80A24C0} = {16C74D91-F858-4A70-9641-9228D80A24C0}
		{CF6327A4-AD5B-4167-862A-6259CB10BC84} = {CF6327A4-AD5B-4167-862A-6259CB10BC84}
		{AA1E55B6-05E1-405A-ABA6-91631855A223} = {AA1E55B6-05E1-405A-ABA6-91631855A223}
		{2FB81ADD-258F-4135-A9B9-17E2ACA2448E} = {2FB81ADD-258F-4135-A9B9-17E2ACA2448E}
		{633CCEE0-6D68-4C74-BFE1-E8DA378C0998} = {633CCEE0-6D68-4C74-BFE1-E8DA378C0998}
	EndProjectSection
EndProject
Project("{FAE04EC0-301F-11D3-BF4B-00C04F79EFBC}") = "PDOInterface", "PDOInterface\PDOInterface.csproj", "{1F61B56A-0BDC-45F6-8954-CF2550775CBD}"
EndProject
Project("{FAE04EC0-301F-11D3-BF4B-00C04F79EFBC}") = "libEDSsharp", "..\libeds\libEDSsharp\libEDSsharp.csproj", "{CC0FA4B1-2BFC-43B3-8C56-B428DF2D24E7}"
EndProject
Project("{FAE04EC0-301F-11D3-BF4B-00C04F79EFBC}") = "Settings", "Settings\Settings.csproj", "{D77E70E0-5808-4F97-A2A1-FC23D03AEF6A}"
EndProject
Project("{FAE04EC0-301F-11D3-BF4B-00C04F79EFBC}") = "PluginExample", "PluginExample\PluginExample.csproj", "{CF6327A4-AD5B-4167-862A-6259CB10BC84}"
EndProject
Project("{FAE04EC0-301F-11D3-BF4B-00C04F79EFBC}") = "NMTPlugin", "NMTPlugin\NMTPlugin.csproj", "{25136D69-CB96-4698-97AE-DB6A3A8348B0}"
EndProject
Project("{2150E333-8FDC-42A3-9474-1A3956D46DE8}") = "Plugins", "Plugins", "{99749F1B-19E6-4731-BA65-728BBEFF16E7}"
EndProject
Project("{FAE04EC0-301F-11D3-BF4B-00C04F79EFBC}") = "FlashLoader", "FlashLoader\FlashLoader.csproj", "{CF98C68B-CE0C-457C-AE55-4DAD28946CF9}"
EndProject
Project("{FAE04EC0-301F-11D3-BF4B-00C04F79EFBC}") = "eeprom_plugin", "eeprom_plugin\eeprom_plugin.csproj", "{633CCEE0-6D68-4C74-BFE1-E8DA378C0998}"
EndProject
Project("{FAE04EC0-301F-11D3-BF4B-00C04F79EFBC}") = "SDOEditorPlugin", "SDOEditorPlugin\SDOEditorPlugin.csproj", "{EF68DF58-5102-42FC-9683-4C65095B5E77}"
EndProject
Project("{FAE04EC0-301F-11D3-BF4B-00C04F79EFBC}") = "NanomsgBridge", "NanomsgBridge\NanomsgBridge.csproj", "{AA1E55B6-05E1-405A-ABA6-91631855A223}"
EndProject
Project("{2150E333-8FDC-42A3-9474-1A3956D46DE8}") = "libcanopensimple", "libcanopensimple", "{D3EFE706-386A-4334-B69A-AF024D24429A}"
EndProject
Project("{FAE04EC0-301F-11D3-BF4B-00C04F79EFBC}") = "libCanopenSimple", "..\libCanOpenSimple2\libCanopenSimple.csproj", "{2FB81ADD-258F-4135-A9B9-17E2ACA2448E}"
EndProject
Project("{2150E333-8FDC-42A3-9474-1A3956D46DE8}") = "CanFestivalDrivers", "CanFestivalDrivers", "{B9AE808B-52B4-48EC-B38D-C8EFB2C567C6}"
EndProject
Project("{8BC9CEB8-8B4A-11D0-8D11-00A0C91BC942}") = "can_canusb_win32", "..\libCanOpenSimple2\canfestivaldrivers\can_canusb_win32\can_canusb_win32.vc10.vcxproj", "{8B5C2DDC-C5EC-4776-8EEE-CAC2365987B8}"
EndProject
Project("{8BC9CEB8-8B4A-11D0-8D11-00A0C91BC942}") = "can_canusbd2xx_win32", "..\libCanOpenSimple2\canfestivaldrivers\can_canusbd2xx_win32\can_canusbd2xx_win32.vc10.vcxproj", "{16C74D91-F858-4A70-9641-9228D80A24C0}"
EndProject
Project("{8BC9CEB8-8B4A-11D0-8D11-00A0C91BC942}") = "can_null_win32", "..\libCanOpenSimple2\canfestivaldrivers\can_null_win32\can_null_win32.vc10.vcxproj", "{D8A23079-A479-4E0E-9777-32EEF436549D}"
EndProject
Project("{8BC9CEB8-8B4A-11D0-8D11-00A0C91BC942}") = "can_nanomsg_win32", "..\libCanOpenSimple2\canfestivaldrivers\can_nanomsg_win32\can_nanomsg_win32.vc10.vcxproj", "{D9B806EB-CF03-4410-9678-5D2C5F470BA1}"
EndProject
Global
	GlobalSection(SolutionConfigurationPlatforms) = preSolution
		Debug UNICODE|Any CPU = Debug UNICODE|Any CPU
		Debug UNICODE|Mixed Platforms = Debug UNICODE|Mixed Platforms
		Debug UNICODE|x86 = Debug UNICODE|x86
		Debug|Any CPU = Debug|Any CPU
		Debug|Mixed Platforms = Debug|Mixed Platforms
		Debug|x86 = Debug|x86
		Release UNICODE|Any CPU = Release UNICODE|Any CPU
		Release UNICODE|Mixed Platforms = Release UNICODE|Mixed Platforms
		Release UNICODE|x86 = Release UNICODE|x86
		Release|Any CPU = Release|Any CPU
		Release|Mixed Platforms = Release|Mixed Platforms
		Release|x86 = Release|x86
	EndGlobalSection
	GlobalSection(ProjectConfigurationPlatforms) = postSolution
		{33640665-7E6D-4727-A13A-0D7A8E7D31C4}.Debug UNICODE|Any CPU.ActiveCfg = Debug|Any CPU
		{33640665-7E6D-4727-A13A-0D7A8E7D31C4}.Debug UNICODE|Any CPU.Build.0 = Debug|Any CPU
		{33640665-7E6D-4727-A13A-0D7A8E7D31C4}.Debug UNICODE|Mixed Platforms.ActiveCfg = Debug|Any CPU
		{33640665-7E6D-4727-A13A-0D7A8E7D31C4}.Debug UNICODE|Mixed Platforms.Build.0 = Debug|Any CPU
		{33640665-7E6D-4727-A13A-0D7A8E7D31C4}.Debug UNICODE|x86.ActiveCfg = Debug|Any CPU
		{33640665-7E6D-4727-A13A-0D7A8E7D31C4}.Debug UNICODE|x86.Build.0 = Debug|Any CPU
		{33640665-7E6D-4727-A13A-0D7A8E7D31C4}.Debug|Any CPU.ActiveCfg = Debug|Any CPU
		{33640665-7E6D-4727-A13A-0D7A8E7D31C4}.Debug|Any CPU.Build.0 = Debug|Any CPU
		{33640665-7E6D-4727-A13A-0D7A8E7D31C4}.Debug|Mixed Platforms.ActiveCfg = Debug|Any CPU
		{33640665-7E6D-4727-A13A-0D7A8E7D31C4}.Debug|Mixed Platforms.Build.0 = Debug|Any CPU
		{33640665-7E6D-4727-A13A-0D7A8E7D31C4}.Debug|x86.ActiveCfg = Debug|Any CPU
		{33640665-7E6D-4727-A13A-0D7A8E7D31C4}.Debug|x86.Build.0 = Debug|Any CPU
		{33640665-7E6D-4727-A13A-0D7A8E7D31C4}.Release UNICODE|Any CPU.ActiveCfg = Release|Any CPU
		{33640665-7E6D-4727-A13A-0D7A8E7D31C4}.Release UNICODE|Any CPU.Build.0 = Release|Any CPU
		{33640665-7E6D-4727-A13A-0D7A8E7D31C4}.Release UNICODE|Mixed Platforms.ActiveCfg = Release|Any CPU
		{33640665-7E6D-4727-A13A-0D7A8E7D31C4}.Release UNICODE|Mixed Platforms.Build.0 = Release|Any CPU
		{33640665-7E6D-4727-A13A-0D7A8E7D31C4}.Release UNICODE|x86.ActiveCfg = Release|Any CPU
		{33640665-7E6D-4727-A13A-0D7A8E7D31C4}.Release UNICODE|x86.Build.0 = Release|Any CPU
		{33640665-7E6D-4727-A13A-0D7A8E7D31C4}.Release|Any CPU.ActiveCfg = Release|Any CPU
		{33640665-7E6D-4727-A13A-0D7A8E7D31C4}.Release|Any CPU.Build.0 = Release|Any CPU
		{33640665-7E6D-4727-A13A-0D7A8E7D31C4}.Release|Mixed Platforms.ActiveCfg = Release|Any CPU
		{33640665-7E6D-4727-A13A-0D7A8E7D31C4}.Release|Mixed Platforms.Build.0 = Release|Any CPU
		{33640665-7E6D-4727-A13A-0D7A8E7D31C4}.Release|x86.ActiveCfg = Release|Any CPU
		{33640665-7E6D-4727-A13A-0D7A8E7D31C4}.Release|x86.Build.0 = Release|Any CPU
		{1F61B56A-0BDC-45F6-8954-CF2550775CBD}.Debug UNICODE|Any CPU.ActiveCfg = Debug|Any CPU
		{1F61B56A-0BDC-45F6-8954-CF2550775CBD}.Debug UNICODE|Any CPU.Build.0 = Debug|Any CPU
		{1F61B56A-0BDC-45F6-8954-CF2550775CBD}.Debug UNICODE|Mixed Platforms.ActiveCfg = Debug|Any CPU
		{1F61B56A-0BDC-45F6-8954-CF2550775CBD}.Debug UNICODE|Mixed Platforms.Build.0 = Debug|Any CPU
		{1F61B56A-0BDC-45F6-8954-CF2550775CBD}.Debug UNICODE|x86.ActiveCfg = Debug|Any CPU
		{1F61B56A-0BDC-45F6-8954-CF2550775CBD}.Debug UNICODE|x86.Build.0 = Debug|Any CPU
		{1F61B56A-0BDC-45F6-8954-CF2550775CBD}.Debug|Any CPU.ActiveCfg = Debug|Any CPU
		{1F61B56A-0BDC-45F6-8954-CF2550775CBD}.Debug|Any CPU.Build.0 = Debug|Any CPU
		{1F61B56A-0BDC-45F6-8954-CF2550775CBD}.Debug|Mixed Platforms.ActiveCfg = Debug|Any CPU
		{1F61B56A-0BDC-45F6-8954-CF2550775CBD}.Debug|Mixed Platforms.Build.0 = Debug|Any CPU
		{1F61B56A-0BDC-45F6-8954-CF2550775CBD}.Debug|x86.ActiveCfg = Debug|Any CPU
		{1F61B56A-0BDC-45F6-8954-CF2550775CBD}.Debug|x86.Build.0 = Debug|Any CPU
		{1F61B56A-0BDC-45F6-8954-CF2550775CBD}.Release UNICODE|Any CPU.ActiveCfg = Release|Any CPU
		{1F61B56A-0BDC-45F6-8954-CF2550775CBD}.Release UNICODE|Any CPU.Build.0 = Release|Any CPU
		{1F61B56A-0BDC-45F6-8954-CF2550775CBD}.Release UNICODE|Mixed Platforms.ActiveCfg = Release|Any CPU
		{1F61B56A-0BDC-45F6-8954-CF2550775CBD}.Release UNICODE|Mixed Platforms.Build.0 = Release|Any CPU
		{1F61B56A-0BDC-45F6-8954-CF2550775CBD}.Release UNICODE|x86.ActiveCfg = Release|Any CPU
		{1F61B56A-0BDC-45F6-8954-CF2550775CBD}.Release UNICODE|x86.Build.0 = Release|Any CPU
		{1F61B56A-0BDC-45F6-8954-CF2550775CBD}.Release|Any CPU.ActiveCfg = Release|Any CPU
		{1F61B56A-0BDC-45F6-8954-CF2550775CBD}.Release|Any CPU.Build.0 = Release|Any CPU
		{1F61B56A-0BDC-45F6-8954-CF2550775CBD}.Release|Mixed Platforms.ActiveCfg = Release|Any CPU
		{1F61B56A-0BDC-45F6-8954-CF2550775CBD}.Release|Mixed Platforms.Build.0 = Release|Any CPU
		{1F61B56A-0BDC-45F6-8954-CF2550775CBD}.Release|x86.ActiveCfg = Release|Any CPU
		{1F61B56A-0BDC-45F6-8954-CF2550775CBD}.Release|x86.Build.0 = Release|Any CPU
		{CC0FA4B1-2BFC-43B3-8C56-B428DF2D24E7}.Debug UNICODE|Any CPU.ActiveCfg = Debug|Any CPU
		{CC0FA4B1-2BFC-43B3-8C56-B428DF2D24E7}.Debug UNICODE|Any CPU.Build.0 = Debug|Any CPU
		{CC0FA4B1-2BFC-43B3-8C56-B428DF2D24E7}.Debug UNICODE|Mixed Platforms.ActiveCfg = Debug|Any CPU
		{CC0FA4B1-2BFC-43B3-8C56-B428DF2D24E7}.Debug UNICODE|Mixed Platforms.Build.0 = Debug|Any CPU
		{CC0FA4B1-2BFC-43B3-8C56-B428DF2D24E7}.Debug UNICODE|x86.ActiveCfg = Debug|Any CPU
		{CC0FA4B1-2BFC-43B3-8C56-B428DF2D24E7}.Debug UNICODE|x86.Build.0 = Debug|Any CPU
		{CC0FA4B1-2BFC-43B3-8C56-B428DF2D24E7}.Debug|Any CPU.ActiveCfg = Debug|Any CPU
		{CC0FA4B1-2BFC-43B3-8C56-B428DF2D24E7}.Debug|Any CPU.Build.0 = Debug|Any CPU
		{CC0FA4B1-2BFC-43B3-8C56-B428DF2D24E7}.Debug|Mixed Platforms.ActiveCfg = Debug|Any CPU
		{CC0FA4B1-2BFC-43B3-8C56-B428DF2D24E7}.Debug|Mixed Platforms.Build.0 = Debug|Any CPU
		{CC0FA4B1-2BFC-43B3-8C56-B428DF2D24E7}.Debug|x86.ActiveCfg = Debug|Any CPU
		{CC0FA4B1-2BFC-43B3-8C56-B428DF2D24E7}.Debug|x86.Build.0 = Debug|Any CPU
		{CC0FA4B1-2BFC-43B3-8C56-B428DF2D24E7}.Release UNICODE|Any CPU.ActiveCfg = Release|Any CPU
		{CC0FA4B1-2BFC-43B3-8C56-B428DF2D24E7}.Release UNICODE|Any CPU.Build.0 = Release|Any CPU
		{CC0FA4B1-2BFC-43B3-8C56-B428DF2D24E7}.Release UNICODE|Mixed Platforms.ActiveCfg = Release|Any CPU
		{CC0FA4B1-2BFC-43B3-8C56-B428DF2D24E7}.Release UNICODE|Mixed Platforms.Build.0 = Release|Any CPU
		{CC0FA4B1-2BFC-43B3-8C56-B428DF2D24E7}.Release UNICODE|x86.ActiveCfg = Release|Any CPU
		{CC0FA4B1-2BFC-43B3-8C56-B428DF2D24E7}.Release UNICODE|x86.Build.0 = Release|Any CPU
		{CC0FA4B1-2BFC-43B3-8C56-B428DF2D24E7}.Release|Any CPU.ActiveCfg = Release|Any CPU
		{CC0FA4B1-2BFC-43B3-8C56-B428DF2D24E7}.Release|Any CPU.Build.0 = Release|Any CPU
		{CC0FA4B1-2BFC-43B3-8C56-B428DF2D24E7}.Release|Mixed Platforms.ActiveCfg = Release|Any CPU
		{CC0FA4B1-2BFC-43B3-8C56-B428DF2D24E7}.Release|Mixed Platforms.Build.0 = Release|Any CPU
		{CC0FA4B1-2BFC-43B3-8C56-B428DF2D24E7}.Release|x86.ActiveCfg = Release|Any CPU
		{CC0FA4B1-2BFC-43B3-8C56-B428DF2D24E7}.Release|x86.Build.0 = Release|Any CPU
		{D77E70E0-5808-4F97-A2A1-FC23D03AEF6A}.Debug UNICODE|Any CPU.ActiveCfg = Debug|Any CPU
		{D77E70E0-5808-4F97-A2A1-FC23D03AEF6A}.Debug UNICODE|Any CPU.Build.0 = Debug|Any CPU
		{D77E70E0-5808-4F97-A2A1-FC23D03AEF6A}.Debug UNICODE|Mixed Platforms.ActiveCfg = Debug|Any CPU
		{D77E70E0-5808-4F97-A2A1-FC23D03AEF6A}.Debug UNICODE|Mixed Platforms.Build.0 = Debug|Any CPU
		{D77E70E0-5808-4F97-A2A1-FC23D03AEF6A}.Debug UNICODE|x86.ActiveCfg = Debug|Any CPU
		{D77E70E0-5808-4F97-A2A1-FC23D03AEF6A}.Debug UNICODE|x86.Build.0 = Debug|Any CPU
		{D77E70E0-5808-4F97-A2A1-FC23D03AEF6A}.Debug|Any CPU.ActiveCfg = Debug|Any CPU
		{D77E70E0-5808-4F97-A2A1-FC23D03AEF6A}.Debug|Any CPU.Build.0 = Debug|Any CPU
		{D77E70E0-5808-4F97-A2A1-FC23D03AEF6A}.Debug|Mixed Platforms.ActiveCfg = Debug|Any CPU
		{D77E70E0-5808-4F97-A2A1-FC23D03AEF6A}.Debug|Mixed Platforms.Build.0 = Debug|Any CPU
		{D77E70E0-5808-4F97-A2A1-FC23D03AEF6A}.Debug|x86.ActiveCfg = Debug|Any CPU
		{D77E70E0-5808-4F97-A2A1-FC23D03AEF6A}.Debug|x86.Build.0 = Debug|Any CPU
		{D77E70E0-5808-4F97-A2A1-FC23D03AEF6A}.Release UNICODE|Any CPU.ActiveCfg = Release|Any CPU
		{D77E70E0-5808-4F97-A2A1-FC23D03AEF6A}.Release UNICODE|Any CPU.Build.0 = Release|Any CPU
		{D77E70E0-5808-4F97-A2A1-FC23D03AEF6A}.Release UNICODE|Mixed Platforms.ActiveCfg = Release|Any CPU
		{D77E70E0-5808-4F97-A2A1-FC23D03AEF6A}.Release UNICODE|Mixed Platforms.Build.0 = Release|Any CPU
		{D77E70E0-5808-4F97-A2A1-FC23D03AEF6A}.Release UNICODE|x86.ActiveCfg = Release|Any CPU
		{D77E70E0-5808-4F97-A2A1-FC23D03AEF6A}.Release UNICODE|x86.Build.0 = Release|Any CPU
		{D77E70E0-5808-4F97-A2A1-FC23D03AEF6A}.Release|Any CPU.ActiveCfg = Release|Any CPU
		{D77E70E0-5808-4F97-A2A1-FC23D03AEF6A}.Release|Any CPU.Build.0 = Release|Any CPU
		{D77E70E0-5808-4F97-A2A1-FC23D03AEF6A}.Release|Mixed Platforms.ActiveCfg = Release|Any CPU
		{D77E70E0-5808-4F97-A2A1-FC23D03AEF6A}.Release|Mixed Platforms.Build.0 = Release|Any CPU
		{D77E70E0-5808-4F97-A2A1-FC23D03AEF6A}.Release|x86.ActiveCfg = Release|Any CPU
		{D77E70E0-5808-4F97-A2A1-FC23D03AEF6A}.Release|x86.Build.0 = Release|Any CPU
		{CF6327A4-AD5B-4167-862A-6259CB10BC84}.Debug UNICODE|Any CPU.ActiveCfg = Debug|Any CPU
		{CF6327A4-AD5B-4167-862A-6259CB10BC84}.Debug UNICODE|Any CPU.Build.0 = Debug|Any CPU
		{CF6327A4-AD5B-4167-862A-6259CB10BC84}.Debug UNICODE|Mixed Platforms.ActiveCfg = Debug|Any CPU
		{CF6327A4-AD5B-4167-862A-6259CB10BC84}.Debug UNICODE|Mixed Platforms.Build.0 = Debug|Any CPU
		{CF6327A4-AD5B-4167-862A-6259CB10BC84}.Debug UNICODE|x86.ActiveCfg = Debug|Any CPU
		{CF6327A4-AD5B-4167-862A-6259CB10BC84}.Debug UNICODE|x86.Build.0 = Debug|Any CPU
		{CF6327A4-AD5B-4167-862A-6259CB10BC84}.Debug|Any CPU.ActiveCfg = Debug|Any CPU
		{CF6327A4-AD5B-4167-862A-6259CB10BC84}.Debug|Any CPU.Build.0 = Debug|Any CPU
		{CF6327A4-AD5B-4167-862A-6259CB10BC84}.Debug|Mixed Platforms.ActiveCfg = Debug|Any CPU
		{CF6327A4-AD5B-4167-862A-6259CB10BC84}.Debug|Mixed Platforms.Build.0 = Debug|Any CPU
		{CF6327A4-AD5B-4167-862A-6259CB10BC84}.Debug|x86.ActiveCfg = Debug|Any CPU
		{CF6327A4-AD5B-4167-862A-6259CB10BC84}.Debug|x86.Build.0 = Debug|Any CPU
		{CF6327A4-AD5B-4167-862A-6259CB10BC84}.Release UNICODE|Any CPU.ActiveCfg = Release|Any CPU
		{CF6327A4-AD5B-4167-862A-6259CB10BC84}.Release UNICODE|Any CPU.Build.0 = Release|Any CPU
		{CF6327A4-AD5B-4167-862A-6259CB10BC84}.Release UNICODE|Mixed Platforms.ActiveCfg = Release|Any CPU
		{CF6327A4-AD5B-4167-862A-6259CB10BC84}.Release UNICODE|Mixed Platforms.Build.0 = Release|Any CPU
		{CF6327A4-AD5B-4167-862A-6259CB10BC84}.Release UNICODE|x86.ActiveCfg = Release|Any CPU
		{CF6327A4-AD5B-4167-862A-6259CB10BC84}.Release UNICODE|x86.Build.0 = Release|Any CPU
		{CF6327A4-AD5B-4167-862A-6259CB10BC84}.Release|Any CPU.ActiveCfg = Release|Any CPU
		{CF6327A4-AD5B-4167-862A-6259CB10BC84}.Release|Any CPU.Build.0 = Release|Any CPU
		{CF6327A4-AD5B-4167-862A-6259CB10BC84}.Release|Mixed Platforms.ActiveCfg = Release|Any CPU
		{CF6327A4-AD5B-4167-862A-6259CB10BC84}.Release|Mixed Platforms.Build.0 = Release|Any CPU
		{CF6327A4-AD5B-4167-862A-6259CB10BC84}.Release|x86.ActiveCfg = Release|Any CPU
		{CF6327A4-AD5B-4167-862A-6259CB10BC84}.Release|x86.Build.0 = Release|Any CPU
		{25136D69-CB96-4698-97AE-DB6A3A8348B0}.Debug UNICODE|Any CPU.ActiveCfg = Debug|Any CPU
		{25136D69-CB96-4698-97AE-DB6A3A8348B0}.Debug UNICODE|Any CPU.Build.0 = Debug|Any CPU
		{25136D69-CB96-4698-97AE-DB6A3A8348B0}.Debug UNICODE|Mixed Platforms.ActiveCfg = Debug|Any CPU
		{25136D69-CB96-4698-97AE-DB6A3A8348B0}.Debug UNICODE|Mixed Platforms.Build.0 = Debug|Any CPU
		{25136D69-CB96-4698-97AE-DB6A3A8348B0}.Debug UNICODE|x86.ActiveCfg = Debug|Any CPU
		{25136D69-CB96-4698-97AE-DB6A3A8348B0}.Debug UNICODE|x86.Build.0 = Debug|Any CPU
		{25136D69-CB96-4698-97AE-DB6A3A8348B0}.Debug|Any CPU.ActiveCfg = Debug|Any CPU
		{25136D69-CB96-4698-97AE-DB6A3A8348B0}.Debug|Any CPU.Build.0 = Debug|Any CPU
		{25136D69-CB96-4698-97AE-DB6A3A8348B0}.Debug|Mixed Platforms.ActiveCfg = Debug|Any CPU
		{25136D69-CB96-4698-97AE-DB6A3A8348B0}.Debug|Mixed Platforms.Build.0 = Debug|Any CPU
		{25136D69-CB96-4698-97AE-DB6A3A8348B0}.Debug|x86.ActiveCfg = Debug|Any CPU
		{25136D69-CB96-4698-97AE-DB6A3A8348B0}.Debug|x86.Build.0 = Debug|Any CPU
		{25136D69-CB96-4698-97AE-DB6A3A8348B0}.Release UNICODE|Any CPU.ActiveCfg = Release|Any CPU
		{25136D69-CB96-4698-97AE-DB6A3A8348B0}.Release UNICODE|Any CPU.Build.0 = Release|Any CPU
		{25136D69-CB96-4698-97AE-DB6A3A8348B0}.Release UNICODE|Mixed Platforms.ActiveCfg = Release|Any CPU
		{25136D69-CB96-4698-97AE-DB6A3A8348B0}.Release UNICODE|Mixed Platforms.Build.0 = Release|Any CPU
		{25136D69-CB96-4698-97AE-DB6A3A8348B0}.Release UNICODE|x86.ActiveCfg = Release|Any CPU
		{25136D69-CB96-4698-97AE-DB6A3A8348B0}.Release UNICODE|x86.Build.0 = Release|Any CPU
		{25136D69-CB96-4698-97AE-DB6A3A8348B0}.Release|Any CPU.ActiveCfg = Release|Any CPU
		{25136D69-CB96-4698-97AE-DB6A3A8348B0}.Release|Any CPU.Build.0 = Release|Any CPU
		{25136D69-CB96-4698-97AE-DB6A3A8348B0}.Release|Mixed Platforms.ActiveCfg = Release|Any CPU
		{25136D69-CB96-4698-97AE-DB6A3A8348B0}.Release|Mixed Platforms.Build.0 = Release|Any CPU
		{25136D69-CB96-4698-97AE-DB6A3A8348B0}.Release|x86.ActiveCfg = Release|Any CPU
		{25136D69-CB96-4698-97AE-DB6A3A8348B0}.Release|x86.Build.0 = Release|Any CPU
		{CF98C68B-CE0C-457C-AE55-4DAD28946CF9}.Debug UNICODE|Any CPU.ActiveCfg = Debug|Any CPU
		{CF98C68B-CE0C-457C-AE55-4DAD28946CF9}.Debug UNICODE|Any CPU.Build.0 = Debug|Any CPU
		{CF98C68B-CE0C-457C-AE55-4DAD28946CF9}.Debug UNICODE|Mixed Platforms.ActiveCfg = Debug|Any CPU
		{CF98C68B-CE0C-457C-AE55-4DAD28946CF9}.Debug UNICODE|Mixed Platforms.Build.0 = Debug|Any CPU
		{CF98C68B-CE0C-457C-AE55-4DAD28946CF9}.Debug UNICODE|x86.ActiveCfg = Debug|Any CPU
		{CF98C68B-CE0C-457C-AE55-4DAD28946CF9}.Debug UNICODE|x86.Build.0 = Debug|Any CPU
		{CF98C68B-CE0C-457C-AE55-4DAD28946CF9}.Debug|Any CPU.ActiveCfg = Debug|Any CPU
		{CF98C68B-CE0C-457C-AE55-4DAD28946CF9}.Debug|Any CPU.Build.0 = Debug|Any CPU
		{CF98C68B-CE0C-457C-AE55-4DAD28946CF9}.Debug|Mixed Platforms.ActiveCfg = Debug|Any CPU
		{CF98C68B-CE0C-457C-AE55-4DAD28946CF9}.Debug|Mixed Platforms.Build.0 = Debug|Any CPU
		{CF98C68B-CE0C-457C-AE55-4DAD28946CF9}.Debug|x86.ActiveCfg = Debug|Any CPU
		{CF98C68B-CE0C-457C-AE55-4DAD28946CF9}.Debug|x86.Build.0 = Debug|Any CPU
		{CF98C68B-CE0C-457C-AE55-4DAD28946CF9}.Release UNICODE|Any CPU.ActiveCfg = Release|Any CPU
		{CF98C68B-CE0C-457C-AE55-4DAD28946CF9}.Release UNICODE|Any CPU.Build.0 = Release|Any CPU
		{CF98C68B-CE0C-457C-AE55-4DAD28946CF9}.Release UNICODE|Mixed Platforms.ActiveCfg = Release|Any CPU
		{CF98C68B-CE0C-457C-AE55-4DAD28946CF9}.Release UNICODE|Mixed Platforms.Build.0 = Release|Any CPU
		{CF98C68B-CE0C-457C-AE55-4DAD28946CF9}.Release UNICODE|x86.ActiveCfg = Release|Any CPU
		{CF98C68B-CE0C-457C-AE55-4DAD28946CF9}.Release UNICODE|x86.Build.0 = Release|Any CPU
		{CF98C68B-CE0C-457C-AE55-4DAD28946CF9}.Release|Any CPU.ActiveCfg = Release|Any CPU
		{CF98C68B-CE0C-457C-AE55-4DAD28946CF9}.Release|Any CPU.Build.0 = Release|Any CPU
		{CF98C68B-CE0C-457C-AE55-4DAD28946CF9}.Release|Mixed Platforms.ActiveCfg = Release|Any CPU
		{CF98C68B-CE0C-457C-AE55-4DAD28946CF9}.Release|Mixed Platforms.Build.0 = Release|Any CPU
		{CF98C68B-CE0C-457C-AE55-4DAD28946CF9}.Release|x86.ActiveCfg = Release|Any CPU
		{CF98C68B-CE0C-457C-AE55-4DAD28946CF9}.Release|x86.Build.0 = Release|Any CPU
		{633CCEE0-6D68-4C74-BFE1-E8DA378C0998}.Debug UNICODE|Any CPU.ActiveCfg = Debug|Any CPU
		{633CCEE0-6D68-4C74-BFE1-E8DA378C0998}.Debug UNICODE|Any CPU.Build.0 = Debug|Any CPU
		{633CCEE0-6D68-4C74-BFE1-E8DA378C0998}.Debug UNICODE|Mixed Platforms.ActiveCfg = Debug|Any CPU
		{633CCEE0-6D68-4C74-BFE1-E8DA378C0998}.Debug UNICODE|Mixed Platforms.Build.0 = Debug|Any CPU
		{633CCEE0-6D68-4C74-BFE1-E8DA378C0998}.Debug UNICODE|x86.ActiveCfg = Debug|Any CPU
		{633CCEE0-6D68-4C74-BFE1-E8DA378C0998}.Debug UNICODE|x86.Build.0 = Debug|Any CPU
		{633CCEE0-6D68-4C74-BFE1-E8DA378C0998}.Debug|Any CPU.ActiveCfg = Debug|Any CPU
		{633CCEE0-6D68-4C74-BFE1-E8DA378C0998}.Debug|Any CPU.Build.0 = Debug|Any CPU
		{633CCEE0-6D68-4C74-BFE1-E8DA378C0998}.Debug|Mixed Platforms.ActiveCfg = Debug|Any CPU
		{633CCEE0-6D68-4C74-BFE1-E8DA378C0998}.Debug|Mixed Platforms.Build.0 = Debug|Any CPU
		{633CCEE0-6D68-4C74-BFE1-E8DA378C0998}.Debug|x86.ActiveCfg = Debug|Any CPU
		{633CCEE0-6D68-4C74-BFE1-E8DA378C0998}.Debug|x86.Build.0 = Debug|Any CPU
		{633CCEE0-6D68-4C74-BFE1-E8DA378C0998}.Release UNICODE|Any CPU.ActiveCfg = Release|Any CPU
		{633CCEE0-6D68-4C74-BFE1-E8DA378C0998}.Release UNICODE|Any CPU.Build.0 = Release|Any CPU
		{633CCEE0-6D68-4C74-BFE1-E8DA378C0998}.Release UNICODE|Mixed Platforms.ActiveCfg = Release|Any CPU
		{633CCEE0-6D68-4C74-BFE1-E8DA378C0998}.Release UNICODE|Mixed Platforms.Build.0 = Release|Any CPU
		{633CCEE0-6D68-4C74-BFE1-E8DA378C0998}.Release UNICODE|x86.ActiveCfg = Release|Any CPU
		{633CCEE0-6D68-4C74-BFE1-E8DA378C0998}.Release UNICODE|x86.Build.0 = Release|Any CPU
		{633CCEE0-6D68-4C74-BFE1-E8DA378C0998}.Release|Any CPU.ActiveCfg = Release|Any CPU
		{633CCEE0-6D68-4C74-BFE1-E8DA378C0998}.Release|Any CPU.Build.0 = Release|Any CPU
		{633CCEE0-6D68-4C74-BFE1-E8DA378C0998}.Release|Mixed Platforms.ActiveCfg = Release|Any CPU
		{633CCEE0-6D68-4C74-BFE1-E8DA378C0998}.Release|Mixed Platforms.Build.0 = Release|Any CPU
		{633CCEE0-6D68-4C74-BFE1-E8DA378C0998}.Release|x86.ActiveCfg = Release|Any CPU
		{633CCEE0-6D68-4C74-BFE1-E8DA378C0998}.Release|x86.Build.0 = Release|Any CPU
		{EF68DF58-5102-42FC-9683-4C65095B5E77}.Debug UNICODE|Any CPU.ActiveCfg = Debug|Any CPU
		{EF68DF58-5102-42FC-9683-4C65095B5E77}.Debug UNICODE|Any CPU.Build.0 = Debug|Any CPU
		{EF68DF58-5102-42FC-9683-4C65095B5E77}.Debug UNICODE|Mixed Platforms.ActiveCfg = Debug|Any CPU
		{EF68DF58-5102-42FC-9683-4C65095B5E77}.Debug UNICODE|Mixed Platforms.Build.0 = Debug|Any CPU
		{EF68DF58-5102-42FC-9683-4C65095B5E77}.Debug UNICODE|x86.ActiveCfg = Debug|Any CPU
		{EF68DF58-5102-42FC-9683-4C65095B5E77}.Debug UNICODE|x86.Build.0 = Debug|Any CPU
		{EF68DF58-5102-42FC-9683-4C65095B5E77}.Debug|Any CPU.ActiveCfg = Debug|Any CPU
		{EF68DF58-5102-42FC-9683-4C65095B5E77}.Debug|Any CPU.Build.0 = Debug|Any CPU
		{EF68DF58-5102-42FC-9683-4C65095B5E77}.Debug|Mixed Platforms.ActiveCfg = Debug|Any CPU
		{EF68DF58-5102-42FC-9683-4C65095B5E77}.Debug|Mixed Platforms.Build.0 = Debug|Any CPU
		{EF68DF58-5102-42FC-9683-4C65095B5E77}.Debug|x86.ActiveCfg = Debug|Any CPU
		{EF68DF58-5102-42FC-9683-4C65095B5E77}.Debug|x86.Build.0 = Debug|Any CPU
		{EF68DF58-5102-42FC-9683-4C65095B5E77}.Release UNICODE|Any CPU.ActiveCfg = Release|Any CPU
		{EF68DF58-5102-42FC-9683-4C65095B5E77}.Release UNICODE|Any CPU.Build.0 = Release|Any CPU
		{EF68DF58-5102-42FC-9683-4C65095B5E77}.Release UNICODE|Mixed Platforms.ActiveCfg = Release|Any CPU
		{EF68DF58-5102-42FC-9683-4C65095B5E77}.Release UNICODE|Mixed Platforms.Build.0 = Release|Any CPU
		{EF68DF58-5102-42FC-9683-4C65095B5E77}.Release UNICODE|x86.ActiveCfg = Release|Any CPU
		{EF68DF58-5102-42FC-9683-4C65095B5E77}.Release UNICODE|x86.Build.0 = Release|Any CPU
		{EF68DF58-5102-42FC-9683-4C65095B5E77}.Release|Any CPU.ActiveCfg = Release|Any CPU
		{EF68DF58-5102-42FC-9683-4C65095B5E77}.Release|Any CPU.Build.0 = Release|Any CPU
		{EF68DF58-5102-42FC-9683-4C65095B5E77}.Release|Mixed Platforms.ActiveCfg = Release|Any CPU
		{EF68DF58-5102-42FC-9683-4C65095B5E77}.Release|Mixed Platforms.Build.0 = Release|Any CPU
		{EF68DF58-5102-42FC-9683-4C65095B5E77}.Release|x86.ActiveCfg = Release|Any CPU
		{EF68DF58-5102-42FC-9683-4C65095B5E77}.Release|x86.Build.0 = Release|Any CPU
		{AA1E55B6-05E1-405A-ABA6-91631855A223}.Debug UNICODE|Any CPU.ActiveCfg = Debug|Any CPU
		{AA1E55B6-05E1-405A-ABA6-91631855A223}.Debug UNICODE|Any CPU.Build.0 = Debug|Any CPU
		{AA1E55B6-05E1-405A-ABA6-91631855A223}.Debug UNICODE|Mixed Platforms.ActiveCfg = Debug|Any CPU
		{AA1E55B6-05E1-405A-ABA6-91631855A223}.Debug UNICODE|Mixed Platforms.Build.0 = Debug|Any CPU
		{AA1E55B6-05E1-405A-ABA6-91631855A223}.Debug UNICODE|x86.ActiveCfg = Debug|Any CPU
		{AA1E55B6-05E1-405A-ABA6-91631855A223}.Debug UNICODE|x86.Build.0 = Debug|Any CPU
		{AA1E55B6-05E1-405A-ABA6-91631855A223}.Debug|Any CPU.ActiveCfg = Debug|Any CPU
		{AA1E55B6-05E1-405A-ABA6-91631855A223}.Debug|Any CPU.Build.0 = Debug|Any CPU
		{AA1E55B6-05E1-405A-ABA6-91631855A223}.Debug|Mixed Platforms.ActiveCfg = Debug|Any CPU
		{AA1E55B6-05E1-405A-ABA6-91631855A223}.Debug|Mixed Platforms.Build.0 = Debug|Any CPU
		{AA1E55B6-05E1-405A-ABA6-91631855A223}.Debug|x86.ActiveCfg = Debug|Any CPU
		{AA1E55B6-05E1-405A-ABA6-91631855A223}.Debug|x86.Build.0 = Debug|Any CPU
		{AA1E55B6-05E1-405A-ABA6-91631855A223}.Release UNICODE|Any CPU.ActiveCfg = Release|Any CPU
		{AA1E55B6-05E1-405A-ABA6-91631855A223}.Release UNICODE|Any CPU.Build.0 = Release|Any CPU
		{AA1E55B6-05E1-405A-ABA6-91631855A223}.Release UNICODE|Mixed Platforms.ActiveCfg = Release|Any CPU
		{AA1E55B6-05E1-405A-ABA6-91631855A223}.Release UNICODE|Mixed Platforms.Build.0 = Release|Any CPU
		{AA1E55B6-05E1-405A-ABA6-91631855A223}.Release UNICODE|x86.ActiveCfg = Release|Any CPU
		{AA1E55B6-05E1-405A-ABA6-91631855A223}.Release UNICODE|x86.Build.0 = Release|Any CPU
		{AA1E55B6-05E1-405A-ABA6-91631855A223}.Release|Any CPU.ActiveCfg = Release|Any CPU
		{AA1E55B6-05E1-405A-ABA6-91631855A223}.Release|Any CPU.Build.0 = Release|Any CPU
		{AA1E55B6-05E1-405A-ABA6-91631855A223}.Release|Mixed Platforms.ActiveCfg = Release|Any CPU
		{AA1E55B6-05E1-405A-ABA6-91631855A223}.Release|Mixed Platforms.Build.0 = Release|Any CPU
		{AA1E55B6-05E1-405A-ABA6-91631855A223}.Release|x86.ActiveCfg = Release|Any CPU
		{AA1E55B6-05E1-405A-ABA6-91631855A223}.Release|x86.Build.0 = Release|Any CPU
		{2FB81ADD-258F-4135-A9B9-17E2ACA2448E}.Debug UNICODE|Any CPU.ActiveCfg = Debug|Any CPU
		{2FB81ADD-258F-4135-A9B9-17E2ACA2448E}.Debug UNICODE|Any CPU.Build.0 = Debug|Any CPU
		{2FB81ADD-258F-4135-A9B9-17E2ACA2448E}.Debug UNICODE|Mixed Platforms.ActiveCfg = Debug|Any CPU
		{2FB81ADD-258F-4135-A9B9-17E2ACA2448E}.Debug UNICODE|Mixed Platforms.Build.0 = Debug|Any CPU
		{2FB81ADD-258F-4135-A9B9-17E2ACA2448E}.Debug UNICODE|x86.ActiveCfg = Debug|Any CPU
		{2FB81ADD-258F-4135-A9B9-17E2ACA2448E}.Debug UNICODE|x86.Build.0 = Debug|Any CPU
		{2FB81ADD-258F-4135-A9B9-17E2ACA2448E}.Debug|Any CPU.ActiveCfg = Debug|Any CPU
		{2FB81ADD-258F-4135-A9B9-17E2ACA2448E}.Debug|Any CPU.Build.0 = Debug|Any CPU
		{2FB81ADD-258F-4135-A9B9-17E2ACA2448E}.Debug|Mixed Platforms.ActiveCfg = Debug|Any CPU
		{2FB81ADD-258F-4135-A9B9-17E2ACA2448E}.Debug|Mixed Platforms.Build.0 = Debug|Any CPU
		{2FB81ADD-258F-4135-A9B9-17E2ACA2448E}.Debug|x86.ActiveCfg = Debug|Any CPU
		{2FB81ADD-258F-4135-A9B9-17E2ACA2448E}.Debug|x86.Build.0 = Debug|Any CPU
		{2FB81ADD-258F-4135-A9B9-17E2ACA2448E}.Release UNICODE|Any CPU.ActiveCfg = Release|Any CPU
		{2FB81ADD-258F-4135-A9B9-17E2ACA2448E}.Release UNICODE|Any CPU.Build.0 = Release|Any CPU
		{2FB81ADD-258F-4135-A9B9-17E2ACA2448E}.Release UNICODE|Mixed Platforms.ActiveCfg = Release|Any CPU
		{2FB81ADD-258F-4135-A9B9-17E2ACA2448E}.Release UNICODE|Mixed Platforms.Build.0 = Release|Any CPU
		{2FB81ADD-258F-4135-A9B9-17E2ACA2448E}.Release UNICODE|x86.ActiveCfg = Release|Any CPU
		{2FB81ADD-258F-4135-A9B9-17E2ACA2448E}.Release UNICODE|x86.Build.0 = Release|Any CPU
		{2FB81ADD-258F-4135-A9B9-17E2ACA2448E}.Release|Any CPU.ActiveCfg = Release|Any CPU
		{2FB81ADD-258F-4135-A9B9-17E2ACA2448E}.Release|Any CPU.Build.0 = Release|Any CPU
		{2FB81ADD-258F-4135-A9B9-17E2ACA2448E}.Release|Mixed Platforms.ActiveCfg = Release|Any CPU
		{2FB81ADD-258F-4135-A9B9-17E2ACA2448E}.Release|Mixed Platforms.Build.0 = Release|Any CPU
		{2FB81ADD-258F-4135-A9B9-17E2ACA2448E}.Release|x86.ActiveCfg = Release|Any CPU
		{2FB81ADD-258F-4135-A9B9-17E2ACA2448E}.Release|x86.Build.0 = Release|Any CPU
		{8B5C2DDC-C5EC-4776-8EEE-CAC2365987B8}.Debug UNICODE|Any CPU.ActiveCfg = Release|Win32
		{8B5C2DDC-C5EC-4776-8EEE-CAC2365987B8}.Debug UNICODE|Any CPU.Build.0 = Release|Win32
		{8B5C2DDC-C5EC-4776-8EEE-CAC2365987B8}.Debug UNICODE|Mixed Platforms.ActiveCfg = Debug|Win32
		{8B5C2DDC-C5EC-4776-8EEE-CAC2365987B8}.Debug UNICODE|Mixed Platforms.Build.0 = Debug|Win32
		{8B5C2DDC-C5EC-4776-8EEE-CAC2365987B8}.Debug UNICODE|x86.ActiveCfg = Debug|Win32
		{8B5C2DDC-C5EC-4776-8EEE-CAC2365987B8}.Debug UNICODE|x86.Build.0 = Debug|Win32
		{8B5C2DDC-C5EC-4776-8EEE-CAC2365987B8}.Debug|Any CPU.ActiveCfg = Debug|Win32
		{8B5C2DDC-C5EC-4776-8EEE-CAC2365987B8}.Debug|Mixed Platforms.ActiveCfg = Debug|Win32
		{8B5C2DDC-C5EC-4776-8EEE-CAC2365987B8}.Debug|Mixed Platforms.Build.0 = Debug|Win32
		{8B5C2DDC-C5EC-4776-8EEE-CAC2365987B8}.Debug|x86.ActiveCfg = Debug|Win32
		{8B5C2DDC-C5EC-4776-8EEE-CAC2365987B8}.Debug|x86.Build.0 = Debug|Win32
		{8B5C2DDC-C5EC-4776-8EEE-CAC2365987B8}.Release UNICODE|Any CPU.ActiveCfg = Release|Win32
		{8B5C2DDC-C5EC-4776-8EEE-CAC2365987B8}.Release UNICODE|Any CPU.Build.0 = Release|Win32
		{8B5C2DDC-C5EC-4776-8EEE-CAC2365987B8}.Release UNICODE|Mixed Platforms.ActiveCfg = Release|Win32
		{8B5C2DDC-C5EC-4776-8EEE-CAC2365987B8}.Release UNICODE|Mixed Platforms.Build.0 = Release|Win32
		{8B5C2DDC-C5EC-4776-8EEE-CAC2365987B8}.Release UNICODE|x86.ActiveCfg = Release|Win32
		{8B5C2DDC-C5EC-4776-8EEE-CAC2365987B8}.Release UNICODE|x86.Build.0 = Release|Win32
		{8B5C2DDC-C5EC-4776-8EEE-CAC2365987B8}.Release|Any CPU.ActiveCfg = Release|Win32
		{8B5C2DDC-C5EC-4776-8EEE-CAC2365987B8}.Release|Mixed Platforms.ActiveCfg = Release|Win32
		{8B5C2DDC-C5EC-4776-8EEE-CAC2365987B8}.Release|Mixed Platforms.Build.0 = Release|Win32
		{8B5C2DDC-C5EC-4776-8EEE-CAC2365987B8}.Release|x86.ActiveCfg = Release|Win32
		{8B5C2DDC-C5EC-4776-8EEE-CAC2365987B8}.Release|x86.Build.0 = Release|Win32
		{16C74D91-F858-4A70-9641-9228D80A24C0}.Debug UNICODE|Any CPU.ActiveCfg = Release|Win32
		{16C74D91-F858-4A70-9641-9228D80A24C0}.Debug UNICODE|Any CPU.Build.0 = Release|Win32
		{16C74D91-F858-4A70-9641-9228D80A24C0}.Debug UNICODE|Mixed Platforms.ActiveCfg = Debug|Win32
		{16C74D91-F858-4A70-9641-9228D80A24C0}.Debug UNICODE|Mixed Platforms.Build.0 = Debug|Win32
		{16C74D91-F858-4A70-9641-9228D80A24C0}.Debug UNICODE|x86.ActiveCfg = Debug|Win32
		{16C74D91-F858-4A70-9641-9228D80A24C0}.Debug UNICODE|x86.Build.0 = Debug|Win32
		{16C74D91-F858-4A70-9641-9228D80A24C0}.Debug|Any CPU.ActiveCfg = Debug|Win32
		{16C74D91-F858-4A70-9641-9228D80A24C0}.Debug|Mixed Platforms.ActiveCfg = Debug|Win32
		{16C74D91-F858-4A70-9641-9228D80A24C0}.Debug|Mixed Platforms.Build.0 = Debug|Win32
		{16C74D91-F858-4A70-9641-9228D80A24C0}.Debug|x86.ActiveCfg = Debug|Win32
		{16C74D91-F858-4A70-9641-9228D80A24C0}.Debug|x86.Build.0 = Debug|Win32
		{16C74D91-F858-4A70-9641-9228D80A24C0}.Release UNICODE|Any CPU.ActiveCfg = Release|Win32
		{16C74D91-F858-4A70-9641-9228D80A24C0}.Release UNICODE|Any CPU.Build.0 = Release|Win32
		{16C74D91-F858-4A70-9641-9228D80A24C0}.Release UNICODE|Mixed Platforms.ActiveCfg = Release|Win32
		{16C74D91-F858-4A70-9641-9228D80A24C0}.Release UNICODE|Mixed Platforms.Build.0 = Release|Win32
		{16C74D91-F858-4A70-9641-9228D80A24C0}.Release UNICODE|x86.ActiveCfg = Release|Win32
		{16C74D91-F858-4A70-9641-9228D80A24C0}.Release UNICODE|x86.Build.0 = Release|Win32
		{16C74D91-F858-4A70-9641-9228D80A24C0}.Release|Any CPU.ActiveCfg = Release|Win32
		{16C74D91-F858-4A70-9641-9228D80A24C0}.Release|Mixed Platforms.ActiveCfg = Release|Win32
		{16C74D91-F858-4A70-9641-9228D80A24C0}.Release|Mixed Platforms.Build.0 = Release|Win32
		{16C74D91-F858-4A70-9641-9228D80A24C0}.Release|x86.ActiveCfg = Release|Win32
		{16C74D91-F858-4A70-9641-9228D80A24C0}.Release|x86.Build.0 = Release|Win32
		{D8A23079-A479-4E0E-9777-32EEF436549D}.Debug UNICODE|Any CPU.ActiveCfg = Release|Win32
		{D8A23079-A479-4E0E-9777-32EEF436549D}.Debug UNICODE|Any CPU.Build.0 = Release|Win32
		{D8A23079-A479-4E0E-9777-32EEF436549D}.Debug UNICODE|Mixed Platforms.ActiveCfg = Debug|Win32
		{D8A23079-A479-4E0E-9777-32EEF436549D}.Debug UNICODE|Mixed Platforms.Build.0 = Debug|Win32
		{D8A23079-A479-4E0E-9777-32EEF436549D}.Debug UNICODE|x86.ActiveCfg = Debug|Win32
		{D8A23079-A479-4E0E-9777-32EEF436549D}.Debug UNICODE|x86.Build.0 = Debug|Win32
		{D8A23079-A479-4E0E-9777-32EEF436549D}.Debug|Any CPU.ActiveCfg = Debug|Win32
		{D8A23079-A479-4E0E-9777-32EEF436549D}.Debug|Mixed Platforms.ActiveCfg = Debug|Win32
		{D8A23079-A479-4E0E-9777-32EEF436549D}.Debug|Mixed Platforms.Build.0 = Debug|Win32
		{D8A23079-A479-4E0E-9777-32EEF436549D}.Debug|x86.ActiveCfg = Debug|Win32
		{D8A23079-A479-4E0E-9777-32EEF436549D}.Debug|x86.Build.0 = Debug|Win32
		{D8A23079-A479-4E0E-9777-32EEF436549D}.Release UNICODE|Any CPU.ActiveCfg = Release|Win32
		{D8A23079-A479-4E0E-9777-32EEF436549D}.Release UNICODE|Any CPU.Build.0 = Release|Win32
		{D8A23079-A479-4E0E-9777-32EEF436549D}.Release UNICODE|Mixed Platforms.ActiveCfg = Release|Win32
		{D8A23079-A479-4E0E-9777-32EEF436549D}.Release UNICODE|Mixed Platforms.Build.0 = Release|Win32
		{D8A23079-A479-4E0E-9777-32EEF436549D}.Release UNICODE|x86.ActiveCfg = Release|Win32
		{D8A23079-A479-4E0E-9777-32EEF436549D}.Release UNICODE|x86.Build.0 = Release|Win32
		{D8A23079-A479-4E0E-9777-32EEF436549D}.Release|Any CPU.ActiveCfg = Release|Win32
		{D8A23079-A479-4E0E-9777-32EEF436549D}.Release|Mixed Platforms.ActiveCfg = Release|Win32
		{D8A23079-A479-4E0E-9777-32EEF436549D}.Release|Mixed Platforms.Build.0 = Release|Win32
		{D8A23079-A479-4E0E-9777-32EEF436549D}.Release|x86.ActiveCfg = Release|Win32
		{D8A23079-A479-4E0E-9777-32EEF436549D}.Release|x86.Build.0 = Release|Win32
		{D9B806EB-CF03-4410-9678-5D2C5F470BA1}.Debug UNICODE|Any CPU.ActiveCfg = Release|Win32
		{D9B806EB-CF03-4410-9678-5D2C5F470BA1}.Debug UNICODE|Any CPU.Build.0 = Release|Win32
		{D9B806EB-CF03-4410-9678-5D2C5F470BA1}.Debug UNICODE|Mixed Platforms.ActiveCfg = Debug|Win32
		{D9B806EB-CF03-4410-9678-5D2C5F470BA1}.Debug UNICODE|Mixed Platforms.Build.0 = Debug|Win32
		{D9B806EB-CF03-4410-9678-5D2C5F470BA1}.Debug UNICODE|x86.ActiveCfg = Debug|Win32
		{D9B806EB-CF03-4410-9678-5D2C5F470BA1}.Debug UNICODE|x86.Build.0 = Debug|Win32
		{D9B806EB-CF03-4410-9678-5D2C5F470BA1}.Debug|Any CPU.ActiveCfg = Debug|Win32
		{D9B806EB-CF03-4410-9678-5D2C5F470BA1}.Debug|Mixed Platforms.ActiveCfg = Debug|Win32
		{D9B806EB-CF03-4410-9678-5D2C5F470BA1}.Debug|Mixed Platforms.Build.0 = Debug|Win32
		{D9B806EB-CF03-4410-9678-5D2C5F470BA1}.Debug|x86.ActiveCfg = Debug|Win32
		{D9B806EB-CF03-4410-9678-5D2C5F470BA1}.Debug|x86.Build.0 = Debug|Win32
		{D9B806EB-CF03-4410-9678-5D2C5F470BA1}.Release UNICODE|Any CPU.ActiveCfg = Release|Win32
		{D9B806EB-CF03-4410-9678-5D2C5F470BA1}.Release UNICODE|Any CPU.Build.0 = Release|Win32
		{D9B806EB-CF03-4410-9678-5D2C5F470BA1}.Release UNICODE|Mixed Platforms.ActiveCfg = Release|Win32
		{D9B806EB-CF03-4410-9678-5D2C5F470BA1}.Release UNICODE|Mixed Platforms.Build.0 = Release|Win32
		{D9B806EB-CF03-4410-9678-5D2C5F470BA1}.Release UNICODE|x86.ActiveCfg = Release|Win32
		{D9B806EB-CF03-4410-9678-5D2C5F470BA1}.Release UNICODE|x86.Build.0 = Release|Win32
		{D9B806EB-CF03-4410-9678-5D2C5F470BA1}.Release|Any CPU.ActiveCfg = Release|Win32
		{D9B806EB-CF03-4410-9678-5D2C5F470BA1}.Release|Mixed Platforms.ActiveCfg = Release|Win32
		{D9B806EB-CF03-4410-9678-5D2C5F470BA1}.Release|Mixed Platforms.Build.0 = Release|Win32
		{D9B806EB-CF03-4410-9678-5D2C5F470BA1}.Release|x86.ActiveCfg = Release|Win32
		{D9B806EB-CF03-4410-9678-5D2C5F470BA1}.Release|x86.Build.0 = Release|Win32
	EndGlobalSection
	GlobalSection(SolutionProperties) = preSolution
		HideSolutionNode = FALSE
	EndGlobalSection
	GlobalSection(NestedProjects) = preSolution
		{CF6327A4-AD5B-4167-862A-6259CB10BC84} = {99749F1B-19E6-4731-BA65-728BBEFF16E7}
		{25136D69-CB96-4698-97AE-DB6A3A8348B0} = {99749F1B-19E6-4731-BA65-728BBEFF16E7}
		{CF98C68B-CE0C-457C-AE55-4DAD28946CF9} = {99749F1B-19E6-4731-BA65-728BBEFF16E7}
		{633CCEE0-6D68-4C74-BFE1-E8DA378C0998} = {99749F1B-19E6-4731-BA65-728BBEFF16E7}
		{EF68DF58-5102-42FC-9683-4C65095B5E77} = {99749F1B-19E6-4731-BA65-728BBEFF16E7}
		{AA1E55B6-05E1-405A-ABA6-91631855A223} = {99749F1B-19E6-4731-BA65-728BBEFF16E7}
		{2FB81ADD-258F-4135-A9B9-17E2ACA2448E} = {D3EFE706-386A-4334-B69A-AF024D24429A}
		{B9AE808B-52B4-48EC-B38D-C8EFB2C567C6} = {D3EFE706-386A-4334-B69A-AF024D24429A}
		{8B5C2DDC-C5EC-4776-8EEE-CAC2365987B8} = {B9AE808B-52B4-48EC-B38D-C8EFB2C567C6}
		{16C74D91-F858-4A70-9641-9228D80A24C0} = {B9AE808B-52B4-48EC-B38D-C8EFB2C567C6}
		{D8A23079-A479-4E0E-9777-32EEF436549D} = {B9AE808B-52B4-48EC-B38D-C8EFB2C567C6}
		{D9B806EB-CF03-4410-9678-5D2C5F470BA1} = {B9AE808B-52B4-48EC-B38D-C8EFB2C567C6}
	EndGlobalSection
	GlobalSection(ExtensibilityGlobals) = postSolution
		SolutionGuid = {4E770007-ED1C-460D-ACFC-9DD702614DA7}
	EndGlobalSection
EndGlobal
